
Microsoft Visual Studio Solution File, Format Version 12.00
# Visual Studio Version 17
VisualStudioVersion = 17.10.35201.131
MinimumVisualStudioVersion = 10.0.40219.1
Project("{FAE04EC0-301F-11D3-BF4B-00C04F79EFBC}") = "CRUDApi-DotNet8", "CRUDApi-DotNet8\CRUDApi-DotNet8.csproj", "{E49E854A-5584-4636-B10F-7F6FC67ABD6B}"
EndProject
Global
	GlobalSection(SolutionConfigurationPlatforms) = preSolution
		Debug|Any CPU = Debug|Any CPU
		Release|Any CPU = Release|Any CPU
	EndGlobalSection
	GlobalSection(ProjectConfigurationPlatforms) = postSolution
		{E49E854A-5584-4636-B10F-7F6FC67ABD6B}.Debug|Any CPU.ActiveCfg = Debug|Any CPU
		{E49E854A-5584-4636-B10F-7F6FC67ABD6B}.Debug|Any CPU.Build.0 = Debug|Any CPU
		{E49E854A-5584-4636-B10F-7F6FC67ABD6B}.Release|Any CPU.ActiveCfg = Release|Any CPU
		{E49E854A-5584-4636-B10F-7F6FC67ABD6B}.Release|Any CPU.Build.0 = Release|Any CPU
	EndGlobalSection
	GlobalSection(SolutionProperties) = preSolution
		HideSolutionNode = FALSE
	EndGlobalSection
	GlobalSection(ExtensibilityGlobals) = postSolution
		SolutionGuid = {AC578A73-C2F4-4246-B70E-6D37BF729AA7}
	EndGlobalSection
EndGlobal
